
Microsoft Visual Studio Solution File, Format Version 12.00
# Visual Studio Version 17
VisualStudioVersion = 17.0.31410.414
MinimumVisualStudioVersion = 10.0.40219.1
Project("{9A19103F-16F7-4668-BE54-9A1E7A4F7556}") = "Andy.X.Client", "Andy.X.Client\Andy.X.Client.csproj", "{893472D9-5E72-42F8-8E3D-2177315EFA15}"
EndProject
Project("{9A19103F-16F7-4668-BE54-9A1E7A4F7556}") = "Andy.X.Client.Extensions.DependencyInjection", "Andy.X.Client.Extensions.DependencyInjection\Andy.X.Client.Extensions.DependencyInjection.csproj", "{861F3D68-ECF0-4419-9AF4-394D17273D66}"
EndProject
Global
	GlobalSection(SolutionConfigurationPlatforms) = preSolution
		Debug|Any CPU = Debug|Any CPU
		Release|Any CPU = Release|Any CPU
	EndGlobalSection
	GlobalSection(ProjectConfigurationPlatforms) = postSolution
		{893472D9-5E72-42F8-8E3D-2177315EFA15}.Debug|Any CPU.ActiveCfg = Debug|Any CPU
		{893472D9-5E72-42F8-8E3D-2177315EFA15}.Debug|Any CPU.Build.0 = Debug|Any CPU
		{893472D9-5E72-42F8-8E3D-2177315EFA15}.Release|Any CPU.ActiveCfg = Release|Any CPU
		{893472D9-5E72-42F8-8E3D-2177315EFA15}.Release|Any CPU.Build.0 = Release|Any CPU
		{861F3D68-ECF0-4419-9AF4-394D17273D66}.Debug|Any CPU.ActiveCfg = Debug|Any CPU
		{861F3D68-ECF0-4419-9AF4-394D17273D66}.Debug|Any CPU.Build.0 = Debug|Any CPU
		{861F3D68-ECF0-4419-9AF4-394D17273D66}.Release|Any CPU.ActiveCfg = Release|Any CPU
		{861F3D68-ECF0-4419-9AF4-394D17273D66}.Release|Any CPU.Build.0 = Release|Any CPU
	EndGlobalSection
	GlobalSection(SolutionProperties) = preSolution
		HideSolutionNode = FALSE
	EndGlobalSection
	GlobalSection(ExtensibilityGlobals) = postSolution
		SolutionGuid = {E20F501A-34F6-4D61-B92C-EE463AC7FBEB}
	EndGlobalSection
EndGlobal
